
Microsoft Visual Studio Solution File, Format Version 12.00
# Visual Studio Version 16
VisualStudioVersion = 16.0.29920.165
MinimumVisualStudioVersion = 10.0.40219.1
Project("{FAE04EC0-301F-11D3-BF4B-00C04F79EFBC}") = "DataStructures.Sorts", "DataStructures.Sorts\DataStructures.Sorts.csproj", "{9A730E54-83DE-4305-A42B-CC59864AC944}"
EndProject
Project("{FAE04EC0-301F-11D3-BF4B-00C04F79EFBC}") = "TestData", "TestData\TestData.csproj", "{60AC22D1-AF10-4A1F-BEA5-6E70F2C68458}"
EndProject
Global
	GlobalSection(SolutionConfigurationPlatforms) = preSolution
		Debug|Any CPU = Debug|Any CPU
		Release|Any CPU = Release|Any CPU
	EndGlobalSection
	GlobalSection(ProjectConfigurationPlatforms) = postSolution
		{9A730E54-83DE-4305-A42B-CC59864AC944}.Debug|Any CPU.ActiveCfg = Debug|Any CPU
		{9A730E54-83DE-4305-A42B-CC59864AC944}.Debug|Any CPU.Build.0 = Debug|Any CPU
		{9A730E54-83DE-4305-A42B-CC59864AC944}.Release|Any CPU.ActiveCfg = Release|Any CPU
		{9A730E54-83DE-4305-A42B-CC59864AC944}.Release|Any CPU.Build.0 = Release|Any CPU
		{60AC22D1-AF10-4A1F-BEA5-6E70F2C68458}.Debug|Any CPU.ActiveCfg = Debug|Any CPU
		{60AC22D1-AF10-4A1F-BEA5-6E70F2C68458}.Debug|Any CPU.Build.0 = Debug|Any CPU
		{60AC22D1-AF10-4A1F-BEA5-6E70F2C68458}.Release|Any CPU.ActiveCfg = Release|Any CPU
		{60AC22D1-AF10-4A1F-BEA5-6E70F2C68458}.Release|Any CPU.Build.0 = Release|Any CPU
	EndGlobalSection
	GlobalSection(SolutionProperties) = preSolution
		HideSolutionNode = FALSE
	EndGlobalSection
	GlobalSection(ExtensibilityGlobals) = postSolution
		SolutionGuid = {8CE424A1-8A93-4AF5-AC6F-304208A4C436}
	EndGlobalSection
EndGlobal
